
Microsoft Visual Studio Solution File, Format Version 12.00
# Visual Studio 15
VisualStudioVersion = 15.0.26430.15
MinimumVisualStudioVersion = 10.0.40219.1
Project("{FAE04EC0-301F-11D3-BF4B-00C04F79EFBC}") = "TennisPractice", "TennisPractice\TennisPractice.csproj", "{C20EC803-3953-42E2-AA61-C46C2BBFFE3D}"
EndProject
Global
	GlobalSection(SolutionConfigurationPlatforms) = preSolution
		Debug|Any CPU = Debug|Any CPU
		Release|Any CPU = Release|Any CPU
	EndGlobalSection
	GlobalSection(ProjectConfigurationPlatforms) = postSolution
		{C20EC803-3953-42E2-AA61-C46C2BBFFE3D}.Debug|Any CPU.ActiveCfg = Debug|Any CPU
		{C20EC803-3953-42E2-AA61-C46C2BBFFE3D}.Debug|Any CPU.Build.0 = Debug|Any CPU
		{C20EC803-3953-42E2-AA61-C46C2BBFFE3D}.Release|Any CPU.ActiveCfg = Release|Any CPU
		{C20EC803-3953-42E2-AA61-C46C2BBFFE3D}.Release|Any CPU.Build.0 = Release|Any CPU
	EndGlobalSection
	GlobalSection(SolutionProperties) = preSolution
		HideSolutionNode = FALSE
	EndGlobalSection
EndGlobal
